
Microsoft Visual Studio Solution File, Format Version 11.00
# Visual Studio 2010
Project("{FAE04EC0-301F-11D3-BF4B-00C04F79EFBC}") = "SpreadBet.Common", "SpreadBet.Common\SpreadBet.Common.csproj", "{70D49911-0FB7-4292-9954-8D9AAA5B848F}"
EndProject
Project("{FAE04EC0-301F-11D3-BF4B-00C04F79EFBC}") = "SpreadBet.Tests", "SpreadBet.Tests\SpreadBet.Tests.csproj", "{664ADCC1-0FB9-4C7E-BA5F-C95194A9D017}"
EndProject
Project("{2150E333-8FDC-42A3-9474-1A3956D46DE8}") = "Solution Items", "Solution Items", "{37EF78CB-02B4-4FCE-BABB-E23D3139D6BD}"
	ProjectSection(SolutionItems) = preProject
		loads.a.money1.vsmdi = loads.a.money1.vsmdi
		Local.testsettings = Local.testsettings
		TraceAndTestImpact.testsettings = TraceAndTestImpact.testsettings
	EndProjectSection
EndProject
Project("{FAE04EC0-301F-11D3-BF4B-00C04F79EFBC}") = "SpreadBet.WindowsService", "SpreadBet.WindowsService\SpreadBet.WindowsService.csproj", "{FFDDFAF8-F5CA-44F6-A7ED-4183DD12B96A}"
EndProject
Project("{FAE04EC0-301F-11D3-BF4B-00C04F79EFBC}") = "SpreadBet.Scheduler", "SpreadBet.Scheduler\SpreadBet.Scheduler.csproj", "{58D484FA-CE7F-4DDC-9F78-FD3DF849FAB4}"
EndProject
Project("{FAE04EC0-301F-11D3-BF4B-00C04F79EFBC}") = "SpreadBet.Application", "SpreadBet.Application\SpreadBet.Application.csproj", "{1795064E-D345-4594-9CB3-8A611204861D}"
EndProject
Project("{FAE04EC0-301F-11D3-BF4B-00C04F79EFBC}") = "SpreadBet.Console", "SpreadBet.Console\SpreadBet.Console.csproj", "{07A6256D-EF69-46DB-ABEB-DA8456F0E678}"
EndProject
Global
	GlobalSection(TestCaseManagementSettings) = postSolution
		CategoryFile = loads.a.money1.vsmdi
	EndGlobalSection
	GlobalSection(SolutionConfigurationPlatforms) = preSolution
		Debug|Any CPU = Debug|Any CPU
		Debug|Mixed Platforms = Debug|Mixed Platforms
		Debug|x86 = Debug|x86
		Release|Any CPU = Release|Any CPU
		Release|Mixed Platforms = Release|Mixed Platforms
		Release|x86 = Release|x86
	EndGlobalSection
	GlobalSection(ProjectConfigurationPlatforms) = postSolution
		{70D49911-0FB7-4292-9954-8D9AAA5B848F}.Debug|Any CPU.ActiveCfg = Debug|Any CPU
		{70D49911-0FB7-4292-9954-8D9AAA5B848F}.Debug|Any CPU.Build.0 = Debug|Any CPU
		{70D49911-0FB7-4292-9954-8D9AAA5B848F}.Debug|Mixed Platforms.ActiveCfg = Debug|Any CPU
		{70D49911-0FB7-4292-9954-8D9AAA5B848F}.Debug|Mixed Platforms.Build.0 = Debug|Any CPU
		{70D49911-0FB7-4292-9954-8D9AAA5B848F}.Debug|x86.ActiveCfg = Debug|Any CPU
		{70D49911-0FB7-4292-9954-8D9AAA5B848F}.Release|Any CPU.ActiveCfg = Release|Any CPU
		{70D49911-0FB7-4292-9954-8D9AAA5B848F}.Release|Any CPU.Build.0 = Release|Any CPU
		{70D49911-0FB7-4292-9954-8D9AAA5B848F}.Release|Mixed Platforms.ActiveCfg = Release|Any CPU
		{70D49911-0FB7-4292-9954-8D9AAA5B848F}.Release|Mixed Platforms.Build.0 = Release|Any CPU
		{70D49911-0FB7-4292-9954-8D9AAA5B848F}.Release|x86.ActiveCfg = Release|Any CPU
		{664ADCC1-0FB9-4C7E-BA5F-C95194A9D017}.Debug|Any CPU.ActiveCfg = Debug|Any CPU
		{664ADCC1-0FB9-4C7E-BA5F-C95194A9D017}.Debug|Any CPU.Build.0 = Debug|Any CPU
		{664ADCC1-0FB9-4C7E-BA5F-C95194A9D017}.Debug|Mixed Platforms.ActiveCfg = Debug|Any CPU
		{664ADCC1-0FB9-4C7E-BA5F-C95194A9D017}.Debug|Mixed Platforms.Build.0 = Debug|Any CPU
		{664ADCC1-0FB9-4C7E-BA5F-C95194A9D017}.Debug|x86.ActiveCfg = Debug|Any CPU
		{664ADCC1-0FB9-4C7E-BA5F-C95194A9D017}.Release|Any CPU.ActiveCfg = Release|Any CPU
		{664ADCC1-0FB9-4C7E-BA5F-C95194A9D017}.Release|Any CPU.Build.0 = Release|Any CPU
		{664ADCC1-0FB9-4C7E-BA5F-C95194A9D017}.Release|Mixed Platforms.ActiveCfg = Release|Any CPU
		{664ADCC1-0FB9-4C7E-BA5F-C95194A9D017}.Release|Mixed Platforms.Build.0 = Release|Any CPU
		{664ADCC1-0FB9-4C7E-BA5F-C95194A9D017}.Release|x86.ActiveCfg = Release|Any CPU
		{FFDDFAF8-F5CA-44F6-A7ED-4183DD12B96A}.Debug|Any CPU.ActiveCfg = Debug|x86
		{FFDDFAF8-F5CA-44F6-A7ED-4183DD12B96A}.Debug|Mixed Platforms.ActiveCfg = Debug|x86
		{FFDDFAF8-F5CA-44F6-A7ED-4183DD12B96A}.Debug|Mixed Platforms.Build.0 = Debug|x86
		{FFDDFAF8-F5CA-44F6-A7ED-4183DD12B96A}.Debug|x86.ActiveCfg = Debug|x86
		{FFDDFAF8-F5CA-44F6-A7ED-4183DD12B96A}.Debug|x86.Build.0 = Debug|x86
		{FFDDFAF8-F5CA-44F6-A7ED-4183DD12B96A}.Release|Any CPU.ActiveCfg = Release|x86
		{FFDDFAF8-F5CA-44F6-A7ED-4183DD12B96A}.Release|Mixed Platforms.ActiveCfg = Release|x86
		{FFDDFAF8-F5CA-44F6-A7ED-4183DD12B96A}.Release|Mixed Platforms.Build.0 = Release|x86
		{FFDDFAF8-F5CA-44F6-A7ED-4183DD12B96A}.Release|x86.ActiveCfg = Release|x86
		{FFDDFAF8-F5CA-44F6-A7ED-4183DD12B96A}.Release|x86.Build.0 = Release|x86
		{58D484FA-CE7F-4DDC-9F78-FD3DF849FAB4}.Debug|Any CPU.ActiveCfg = Debug|Any CPU
		{58D484FA-CE7F-4DDC-9F78-FD3DF849FAB4}.Debug|Any CPU.Build.0 = Debug|Any CPU
		{58D484FA-CE7F-4DDC-9F78-FD3DF849FAB4}.Debug|Mixed Platforms.ActiveCfg = Debug|Any CPU
		{58D484FA-CE7F-4DDC-9F78-FD3DF849FAB4}.Debug|Mixed Platforms.Build.0 = Debug|Any CPU
		{58D484FA-CE7F-4DDC-9F78-FD3DF849FAB4}.Debug|x86.ActiveCfg = Debug|Any CPU
		{58D484FA-CE7F-4DDC-9F78-FD3DF849FAB4}.Release|Any CPU.ActiveCfg = Release|Any CPU
		{58D484FA-CE7F-4DDC-9F78-FD3DF849FAB4}.Release|Any CPU.Build.0 = Release|Any CPU
		{58D484FA-CE7F-4DDC-9F78-FD3DF849FAB4}.Release|Mixed Platforms.ActiveCfg = Release|Any CPU
		{58D484FA-CE7F-4DDC-9F78-FD3DF849FAB4}.Release|Mixed Platforms.Build.0 = Release|Any CPU
		{58D484FA-CE7F-4DDC-9F78-FD3DF849FAB4}.Release|x86.ActiveCfg = Release|Any CPU
		{1795064E-D345-4594-9CB3-8A611204861D}.Debug|Any CPU.ActiveCfg = Debug|Any CPU
		{1795064E-D345-4594-9CB3-8A611204861D}.Debug|Any CPU.Build.0 = Debug|Any CPU
		{1795064E-D345-4594-9CB3-8A611204861D}.Debug|Mixed Platforms.ActiveCfg = Debug|Any CPU
		{1795064E-D345-4594-9CB3-8A611204861D}.Debug|Mixed Platforms.Build.0 = Debug|Any CPU
		{1795064E-D345-4594-9CB3-8A611204861D}.Debug|x86.ActiveCfg = Debug|Any CPU
		{1795064E-D345-4594-9CB3-8A611204861D}.Release|Any CPU.ActiveCfg = Release|Any CPU
		{1795064E-D345-4594-9CB3-8A611204861D}.Release|Any CPU.Build.0 = Release|Any CPU
		{1795064E-D345-4594-9CB3-8A611204861D}.Release|Mixed Platforms.ActiveCfg = Release|Any CPU
		{1795064E-D345-4594-9CB3-8A611204861D}.Release|Mixed Platforms.Build.0 = Release|Any CPU
		{1795064E-D345-4594-9CB3-8A611204861D}.Release|x86.ActiveCfg = Release|Any CPU
		{07A6256D-EF69-46DB-ABEB-DA8456F0E678}.Debug|Any CPU.ActiveCfg = Debug|x86
		{07A6256D-EF69-46DB-ABEB-DA8456F0E678}.Debug|Mixed Platforms.ActiveCfg = Debug|x86
		{07A6256D-EF69-46DB-ABEB-DA8456F0E678}.Debug|Mixed Platforms.Build.0 = Debug|x86
		{07A6256D-EF69-46DB-ABEB-DA8456F0E678}.Debug|x86.ActiveCfg = Debug|x86
		{07A6256D-EF69-46DB-ABEB-DA8456F0E678}.Debug|x86.Build.0 = Debug|x86
		{07A6256D-EF69-46DB-ABEB-DA8456F0E678}.Release|Any CPU.ActiveCfg = Release|x86
		{07A6256D-EF69-46DB-ABEB-DA8456F0E678}.Release|Mixed Platforms.ActiveCfg = Release|x86
		{07A6256D-EF69-46DB-ABEB-DA8456F0E678}.Release|Mixed Platforms.Build.0 = Release|x86
		{07A6256D-EF69-46DB-ABEB-DA8456F0E678}.Release|x86.ActiveCfg = Release|x86
		{07A6256D-EF69-46DB-ABEB-DA8456F0E678}.Release|x86.Build.0 = Release|x86
	EndGlobalSection
	GlobalSection(SolutionProperties) = preSolution
		HideSolutionNode = FALSE
	EndGlobalSection
	GlobalSection(ExtensibilityGlobals) = postSolution
		EnterpriseLibraryConfigurationToolBinariesPath = packages\Unity.2.1.505.2\lib\NET35
	EndGlobalSection
EndGlobal
