
Microsoft Visual Studio Solution File, Format Version 12.00
# Visual Studio 2012
Project("{FAE04EC0-301F-11D3-BF4B-00C04F79EFBC}") = "SpreadBet.Common", "SpreadBet.Common\SpreadBet.Common.csproj", "{70D49911-0FB7-4292-9954-8D9AAA5B848F}"
EndProject
Project("{FAE04EC0-301F-11D3-BF4B-00C04F79EFBC}") = "SpreadBet.WindowsService", "SpreadBet.WindowsService\SpreadBet.WindowsService.csproj", "{FFDDFAF8-F5CA-44F6-A7ED-4183DD12B96A}"
EndProject
Project("{FAE04EC0-301F-11D3-BF4B-00C04F79EFBC}") = "SpreadBet.Scheduler", "SpreadBet.Scheduler\SpreadBet.Scheduler.csproj", "{58D484FA-CE7F-4DDC-9F78-FD3DF849FAB4}"
EndProject
Project("{FAE04EC0-301F-11D3-BF4B-00C04F79EFBC}") = "SpreadBet.Console", "SpreadBet.Console\SpreadBet.Console.csproj", "{07A6256D-EF69-46DB-ABEB-DA8456F0E678}"
EndProject
Project("{FAE04EC0-301F-11D3-BF4B-00C04F79EFBC}") = "SpreadBet.Domain", "SpreadBet.Domain\SpreadBet.Domain.csproj", "{70BF6160-D9BA-40DC-8982-3BE574C30F17}"
EndProject
Project("{FAE04EC0-301F-11D3-BF4B-00C04F79EFBC}") = "SpreadBet.Service", "SpreadBet.Service\SpreadBet.Service.csproj", "{1EF8A5C2-1642-4341-8273-B47951AEDDC3}"
EndProject
Project("{FAE04EC0-301F-11D3-BF4B-00C04F79EFBC}") = "SpreadBet.Processor", "SpreadBet.Processor\SpreadBet.Processor.csproj", "{007D45EB-8E80-4060-8A64-61EC305D6F77}"
EndProject
Project("{FAE04EC0-301F-11D3-BF4B-00C04F79EFBC}") = "SpreadBet.Infrastructure", "SpreadBet.Infrastructure\SpreadBet.Infrastructure.csproj", "{5104A584-D0E5-47B0-A2EC-8E575DE5F28B}"
EndProject
Project("{FAE04EC0-301F-11D3-BF4B-00C04F79EFBC}") = "SpreadBet.Infrastructure.Unity", "SpreadBet.Infrastructure.Unity\SpreadBet.Infrastructure.Unity.csproj", "{53DBEBBC-6D54-492D-9264-AE0FD256598D}"
EndProject
Project("{FAE04EC0-301F-11D3-BF4B-00C04F79EFBC}") = "SpreadBet.Infrastructure.Data", "SpreadBet.Infrastructure.Data\SpreadBet.Infrastructure.Data.csproj", "{2F0F4AB5-B615-4BD3-ADAE-638E4DE1EF1B}"
EndProject
Project("{FAE04EC0-301F-11D3-BF4B-00C04F79EFBC}") = "SpreadBet.Infrastructure.Data.IntegrationTests", "SpreadBet.Infrastructure.Data.IntegrationTests\SpreadBet.Infrastructure.Data.IntegrationTests.csproj", "{C4192CF8-D54B-4DA4-A02E-2C2246C4383A}"
EndProject
Project("{FAE04EC0-301F-11D3-BF4B-00C04F79EFBC}") = "SpreadBet.Domain.Interfaces", "SpreadBet.Domain.Interfaces\SpreadBet.Domain.Interfaces.csproj", "{1A618831-697F-4C99-A0D5-AE6EF9BD1BED}"
EndProject
Project("{FAE04EC0-301F-11D3-BF4B-00C04F79EFBC}") = "SpreadBet.UnitTests", "SpreadBet.UnitTests\SpreadBet.UnitTests.csproj", "{45C4C88E-C9BB-4742-BF1A-9C286DBA8366}"
EndProject
Project("{2150E333-8FDC-42A3-9474-1A3956D46DE8}") = ".nuget", ".nuget", "{B2CF7164-7ABD-4689-A7C5-7CF12CAB6A01}"
	ProjectSection(SolutionItems) = preProject
		.nuget\packages.config = .nuget\packages.config
	EndProjectSection
EndProject
Project("{FAE04EC0-301F-11D3-BF4B-00C04F79EFBC}") = "SpreadBet.AcceptanceTests", "SpreadBet.AcceptanceTests\SpreadBet.AcceptanceTests.csproj", "{C53C2392-EC43-473D-AADB-19A0528E1C47}"
EndProject
Project("{FAE04EC0-301F-11D3-BF4B-00C04F79EFBC}") = "SpreadBet.Infrastructure.Data.Console", "SpreadBet.Infrastructure.Data.Console\SpreadBet.Infrastructure.Data.Console.csproj", "{B506A020-8CC0-49B9-B18B-2CF9B3BA870F}"
EndProject
Project("{FAE04EC0-301F-11D3-BF4B-00C04F79EFBC}") = "SpreadBet.Infrastructure.Logging.NLog", "SpreadBet.Infrastructure.Logging.NLog\SpreadBet.Infrastructure.Logging.NLog.csproj", "{97C4D7A4-BDFA-4082-BEA4-55689355351F}"
EndProject
Project("{FAE04EC0-301F-11D3-BF4B-00C04F79EFBC}") = "SpreadBet.MarketData", "SpreadBet.MarketData\SpreadBet.MarketData.csproj", "{F1CEB464-C7D9-4676-BF9B-AF937A5AF86D}"
EndProject
Project("{FAE04EC0-301F-11D3-BF4B-00C04F79EFBC}") = "SpreadBet.MarketData.UnitTests", "SpreadBet.MarketData.UnitTests\SpreadBet.MarketData.UnitTests.csproj", "{139FCDDE-37DE-42D8-B0AD-F342588C16EA}"
EndProject
Project("{2150E333-8FDC-42A3-9474-1A3956D46DE8}") = "Domain", "Domain", "{6D55212D-BB54-4F14-9A23-3F1F26AB7847}"
EndProject
Project("{2150E333-8FDC-42A3-9474-1A3956D46DE8}") = "Infrastructure", "Infrastructure", "{649A02A7-5560-4003-AAF9-9F0789FD3B32}"
EndProject
Project("{2150E333-8FDC-42A3-9474-1A3956D46DE8}") = "Tests", "Tests", "{F6848AC2-52AC-4AE6-A428-55C0BEDE53D3}"
EndProject
Project("{2150E333-8FDC-42A3-9474-1A3956D46DE8}") = "Application", "Application", "{16918F99-DCAB-4B10-86EA-828D62C1F579}"
EndProject
Project("{2150E333-8FDC-42A3-9474-1A3956D46DE8}") = "Web", "Web", "{A2584324-0512-415F-953F-DEA370722E7F}"
EndProject
Project("{2150E333-8FDC-42A3-9474-1A3956D46DE8}") = "Windows", "Windows", "{658C167D-7384-42CD-A5E3-01F63B743CAC}"
EndProject
Project("{FAE04EC0-301F-11D3-BF4B-00C04F79EFBC}") = "SpreadBet.Infrastructure.Data.UnitTests", "SpreadBet.Infrastructure.Data.UnitTests\SpreadBet.Infrastructure.Data.UnitTests.csproj", "{CB85BB8D-9F3E-4C51-9AEC-898A6884C31D}"
EndProject
Global
	GlobalSection(TestCaseManagementSettings) = postSolution
		CategoryFile = loads.a.money1.vsmdi
	EndGlobalSection
	GlobalSection(SolutionConfigurationPlatforms) = preSolution
		Debug|Any CPU = Debug|Any CPU
		Debug|Mixed Platforms = Debug|Mixed Platforms
		Debug|x86 = Debug|x86
		Release|Any CPU = Release|Any CPU
		Release|Mixed Platforms = Release|Mixed Platforms
		Release|x86 = Release|x86
	EndGlobalSection
	GlobalSection(ProjectConfigurationPlatforms) = postSolution
		{70D49911-0FB7-4292-9954-8D9AAA5B848F}.Debug|Any CPU.ActiveCfg = Debug|Any CPU
		{70D49911-0FB7-4292-9954-8D9AAA5B848F}.Debug|Any CPU.Build.0 = Debug|Any CPU
		{70D49911-0FB7-4292-9954-8D9AAA5B848F}.Debug|Mixed Platforms.ActiveCfg = Debug|Any CPU
		{70D49911-0FB7-4292-9954-8D9AAA5B848F}.Debug|Mixed Platforms.Build.0 = Debug|Any CPU
		{70D49911-0FB7-4292-9954-8D9AAA5B848F}.Debug|x86.ActiveCfg = Debug|Any CPU
		{70D49911-0FB7-4292-9954-8D9AAA5B848F}.Release|Any CPU.ActiveCfg = Release|Any CPU
		{70D49911-0FB7-4292-9954-8D9AAA5B848F}.Release|Any CPU.Build.0 = Release|Any CPU
		{70D49911-0FB7-4292-9954-8D9AAA5B848F}.Release|Mixed Platforms.ActiveCfg = Release|Any CPU
		{70D49911-0FB7-4292-9954-8D9AAA5B848F}.Release|Mixed Platforms.Build.0 = Release|Any CPU
		{70D49911-0FB7-4292-9954-8D9AAA5B848F}.Release|x86.ActiveCfg = Release|Any CPU
		{FFDDFAF8-F5CA-44F6-A7ED-4183DD12B96A}.Debug|Any CPU.ActiveCfg = Debug|x86
		{FFDDFAF8-F5CA-44F6-A7ED-4183DD12B96A}.Debug|Mixed Platforms.ActiveCfg = Debug|x86
		{FFDDFAF8-F5CA-44F6-A7ED-4183DD12B96A}.Debug|Mixed Platforms.Build.0 = Debug|x86
		{FFDDFAF8-F5CA-44F6-A7ED-4183DD12B96A}.Debug|x86.ActiveCfg = Debug|x86
		{FFDDFAF8-F5CA-44F6-A7ED-4183DD12B96A}.Debug|x86.Build.0 = Debug|x86
		{FFDDFAF8-F5CA-44F6-A7ED-4183DD12B96A}.Release|Any CPU.ActiveCfg = Release|x86
		{FFDDFAF8-F5CA-44F6-A7ED-4183DD12B96A}.Release|Mixed Platforms.ActiveCfg = Release|x86
		{FFDDFAF8-F5CA-44F6-A7ED-4183DD12B96A}.Release|Mixed Platforms.Build.0 = Release|x86
		{FFDDFAF8-F5CA-44F6-A7ED-4183DD12B96A}.Release|x86.ActiveCfg = Release|x86
		{FFDDFAF8-F5CA-44F6-A7ED-4183DD12B96A}.Release|x86.Build.0 = Release|x86
		{58D484FA-CE7F-4DDC-9F78-FD3DF849FAB4}.Debug|Any CPU.ActiveCfg = Debug|Any CPU
		{58D484FA-CE7F-4DDC-9F78-FD3DF849FAB4}.Debug|Any CPU.Build.0 = Debug|Any CPU
		{58D484FA-CE7F-4DDC-9F78-FD3DF849FAB4}.Debug|Mixed Platforms.ActiveCfg = Debug|Any CPU
		{58D484FA-CE7F-4DDC-9F78-FD3DF849FAB4}.Debug|Mixed Platforms.Build.0 = Debug|Any CPU
		{58D484FA-CE7F-4DDC-9F78-FD3DF849FAB4}.Debug|x86.ActiveCfg = Debug|Any CPU
		{58D484FA-CE7F-4DDC-9F78-FD3DF849FAB4}.Release|Any CPU.ActiveCfg = Release|Any CPU
		{58D484FA-CE7F-4DDC-9F78-FD3DF849FAB4}.Release|Any CPU.Build.0 = Release|Any CPU
		{58D484FA-CE7F-4DDC-9F78-FD3DF849FAB4}.Release|Mixed Platforms.ActiveCfg = Release|Any CPU
		{58D484FA-CE7F-4DDC-9F78-FD3DF849FAB4}.Release|Mixed Platforms.Build.0 = Release|Any CPU
		{58D484FA-CE7F-4DDC-9F78-FD3DF849FAB4}.Release|x86.ActiveCfg = Release|Any CPU
		{07A6256D-EF69-46DB-ABEB-DA8456F0E678}.Debug|Any CPU.ActiveCfg = Debug|x86
		{07A6256D-EF69-46DB-ABEB-DA8456F0E678}.Debug|Mixed Platforms.ActiveCfg = Debug|x86
		{07A6256D-EF69-46DB-ABEB-DA8456F0E678}.Debug|Mixed Platforms.Build.0 = Debug|x86
		{07A6256D-EF69-46DB-ABEB-DA8456F0E678}.Debug|x86.ActiveCfg = Debug|x86
		{07A6256D-EF69-46DB-ABEB-DA8456F0E678}.Debug|x86.Build.0 = Debug|x86
		{07A6256D-EF69-46DB-ABEB-DA8456F0E678}.Release|Any CPU.ActiveCfg = Release|x86
		{07A6256D-EF69-46DB-ABEB-DA8456F0E678}.Release|Mixed Platforms.ActiveCfg = Release|x86
		{07A6256D-EF69-46DB-ABEB-DA8456F0E678}.Release|Mixed Platforms.Build.0 = Release|x86
		{07A6256D-EF69-46DB-ABEB-DA8456F0E678}.Release|x86.ActiveCfg = Release|x86
		{07A6256D-EF69-46DB-ABEB-DA8456F0E678}.Release|x86.Build.0 = Release|x86
		{70BF6160-D9BA-40DC-8982-3BE574C30F17}.Debug|Any CPU.ActiveCfg = Debug|Any CPU
		{70BF6160-D9BA-40DC-8982-3BE574C30F17}.Debug|Any CPU.Build.0 = Debug|Any CPU
		{70BF6160-D9BA-40DC-8982-3BE574C30F17}.Debug|Mixed Platforms.ActiveCfg = Debug|Any CPU
		{70BF6160-D9BA-40DC-8982-3BE574C30F17}.Debug|Mixed Platforms.Build.0 = Debug|Any CPU
		{70BF6160-D9BA-40DC-8982-3BE574C30F17}.Debug|x86.ActiveCfg = Debug|Any CPU
		{70BF6160-D9BA-40DC-8982-3BE574C30F17}.Release|Any CPU.ActiveCfg = Release|Any CPU
		{70BF6160-D9BA-40DC-8982-3BE574C30F17}.Release|Any CPU.Build.0 = Release|Any CPU
		{70BF6160-D9BA-40DC-8982-3BE574C30F17}.Release|Mixed Platforms.ActiveCfg = Release|Any CPU
		{70BF6160-D9BA-40DC-8982-3BE574C30F17}.Release|Mixed Platforms.Build.0 = Release|Any CPU
		{70BF6160-D9BA-40DC-8982-3BE574C30F17}.Release|x86.ActiveCfg = Release|Any CPU
		{1EF8A5C2-1642-4341-8273-B47951AEDDC3}.Debug|Any CPU.ActiveCfg = Debug|Any CPU
		{1EF8A5C2-1642-4341-8273-B47951AEDDC3}.Debug|Any CPU.Build.0 = Debug|Any CPU
		{1EF8A5C2-1642-4341-8273-B47951AEDDC3}.Debug|Mixed Platforms.ActiveCfg = Debug|Any CPU
		{1EF8A5C2-1642-4341-8273-B47951AEDDC3}.Debug|Mixed Platforms.Build.0 = Debug|Any CPU
		{1EF8A5C2-1642-4341-8273-B47951AEDDC3}.Debug|x86.ActiveCfg = Debug|Any CPU
		{1EF8A5C2-1642-4341-8273-B47951AEDDC3}.Release|Any CPU.ActiveCfg = Release|Any CPU
		{1EF8A5C2-1642-4341-8273-B47951AEDDC3}.Release|Any CPU.Build.0 = Release|Any CPU
		{1EF8A5C2-1642-4341-8273-B47951AEDDC3}.Release|Mixed Platforms.ActiveCfg = Release|Any CPU
		{1EF8A5C2-1642-4341-8273-B47951AEDDC3}.Release|Mixed Platforms.Build.0 = Release|Any CPU
		{1EF8A5C2-1642-4341-8273-B47951AEDDC3}.Release|x86.ActiveCfg = Release|Any CPU
		{007D45EB-8E80-4060-8A64-61EC305D6F77}.Debug|Any CPU.ActiveCfg = Debug|Any CPU
		{007D45EB-8E80-4060-8A64-61EC305D6F77}.Debug|Any CPU.Build.0 = Debug|Any CPU
		{007D45EB-8E80-4060-8A64-61EC305D6F77}.Debug|Mixed Platforms.ActiveCfg = Debug|Any CPU
		{007D45EB-8E80-4060-8A64-61EC305D6F77}.Debug|Mixed Platforms.Build.0 = Debug|Any CPU
		{007D45EB-8E80-4060-8A64-61EC305D6F77}.Debug|x86.ActiveCfg = Debug|Any CPU
		{007D45EB-8E80-4060-8A64-61EC305D6F77}.Release|Any CPU.ActiveCfg = Release|Any CPU
		{007D45EB-8E80-4060-8A64-61EC305D6F77}.Release|Any CPU.Build.0 = Release|Any CPU
		{007D45EB-8E80-4060-8A64-61EC305D6F77}.Release|Mixed Platforms.ActiveCfg = Release|Any CPU
		{007D45EB-8E80-4060-8A64-61EC305D6F77}.Release|Mixed Platforms.Build.0 = Release|Any CPU
		{007D45EB-8E80-4060-8A64-61EC305D6F77}.Release|x86.ActiveCfg = Release|Any CPU
		{5104A584-D0E5-47B0-A2EC-8E575DE5F28B}.Debug|Any CPU.ActiveCfg = Debug|Any CPU
		{5104A584-D0E5-47B0-A2EC-8E575DE5F28B}.Debug|Any CPU.Build.0 = Debug|Any CPU
		{5104A584-D0E5-47B0-A2EC-8E575DE5F28B}.Debug|Mixed Platforms.ActiveCfg = Debug|Any CPU
		{5104A584-D0E5-47B0-A2EC-8E575DE5F28B}.Debug|Mixed Platforms.Build.0 = Debug|Any CPU
		{5104A584-D0E5-47B0-A2EC-8E575DE5F28B}.Debug|x86.ActiveCfg = Debug|Any CPU
		{5104A584-D0E5-47B0-A2EC-8E575DE5F28B}.Release|Any CPU.ActiveCfg = Release|Any CPU
		{5104A584-D0E5-47B0-A2EC-8E575DE5F28B}.Release|Any CPU.Build.0 = Release|Any CPU
		{5104A584-D0E5-47B0-A2EC-8E575DE5F28B}.Release|Mixed Platforms.ActiveCfg = Release|Any CPU
		{5104A584-D0E5-47B0-A2EC-8E575DE5F28B}.Release|Mixed Platforms.Build.0 = Release|Any CPU
		{5104A584-D0E5-47B0-A2EC-8E575DE5F28B}.Release|x86.ActiveCfg = Release|Any CPU
		{53DBEBBC-6D54-492D-9264-AE0FD256598D}.Debug|Any CPU.ActiveCfg = Debug|Any CPU
		{53DBEBBC-6D54-492D-9264-AE0FD256598D}.Debug|Any CPU.Build.0 = Debug|Any CPU
		{53DBEBBC-6D54-492D-9264-AE0FD256598D}.Debug|Mixed Platforms.ActiveCfg = Debug|Any CPU
		{53DBEBBC-6D54-492D-9264-AE0FD256598D}.Debug|Mixed Platforms.Build.0 = Debug|Any CPU
		{53DBEBBC-6D54-492D-9264-AE0FD256598D}.Debug|x86.ActiveCfg = Debug|Any CPU
		{53DBEBBC-6D54-492D-9264-AE0FD256598D}.Release|Any CPU.ActiveCfg = Release|Any CPU
		{53DBEBBC-6D54-492D-9264-AE0FD256598D}.Release|Any CPU.Build.0 = Release|Any CPU
		{53DBEBBC-6D54-492D-9264-AE0FD256598D}.Release|Mixed Platforms.ActiveCfg = Release|Any CPU
		{53DBEBBC-6D54-492D-9264-AE0FD256598D}.Release|Mixed Platforms.Build.0 = Release|Any CPU
		{53DBEBBC-6D54-492D-9264-AE0FD256598D}.Release|x86.ActiveCfg = Release|Any CPU
		{2F0F4AB5-B615-4BD3-ADAE-638E4DE1EF1B}.Debug|Any CPU.ActiveCfg = Debug|Any CPU
		{2F0F4AB5-B615-4BD3-ADAE-638E4DE1EF1B}.Debug|Any CPU.Build.0 = Debug|Any CPU
		{2F0F4AB5-B615-4BD3-ADAE-638E4DE1EF1B}.Debug|Mixed Platforms.ActiveCfg = Debug|Any CPU
		{2F0F4AB5-B615-4BD3-ADAE-638E4DE1EF1B}.Debug|Mixed Platforms.Build.0 = Debug|Any CPU
		{2F0F4AB5-B615-4BD3-ADAE-638E4DE1EF1B}.Debug|x86.ActiveCfg = Debug|Any CPU
		{2F0F4AB5-B615-4BD3-ADAE-638E4DE1EF1B}.Release|Any CPU.ActiveCfg = Release|Any CPU
		{2F0F4AB5-B615-4BD3-ADAE-638E4DE1EF1B}.Release|Any CPU.Build.0 = Release|Any CPU
		{2F0F4AB5-B615-4BD3-ADAE-638E4DE1EF1B}.Release|Mixed Platforms.ActiveCfg = Release|Any CPU
		{2F0F4AB5-B615-4BD3-ADAE-638E4DE1EF1B}.Release|Mixed Platforms.Build.0 = Release|Any CPU
		{2F0F4AB5-B615-4BD3-ADAE-638E4DE1EF1B}.Release|x86.ActiveCfg = Release|Any CPU
		{C4192CF8-D54B-4DA4-A02E-2C2246C4383A}.Debug|Any CPU.ActiveCfg = Debug|Any CPU
		{C4192CF8-D54B-4DA4-A02E-2C2246C4383A}.Debug|Any CPU.Build.0 = Debug|Any CPU
		{C4192CF8-D54B-4DA4-A02E-2C2246C4383A}.Debug|Mixed Platforms.ActiveCfg = Debug|Any CPU
		{C4192CF8-D54B-4DA4-A02E-2C2246C4383A}.Debug|Mixed Platforms.Build.0 = Debug|Any CPU
		{C4192CF8-D54B-4DA4-A02E-2C2246C4383A}.Debug|x86.ActiveCfg = Debug|Any CPU
		{C4192CF8-D54B-4DA4-A02E-2C2246C4383A}.Release|Any CPU.ActiveCfg = Release|Any CPU
		{C4192CF8-D54B-4DA4-A02E-2C2246C4383A}.Release|Any CPU.Build.0 = Release|Any CPU
		{C4192CF8-D54B-4DA4-A02E-2C2246C4383A}.Release|Mixed Platforms.ActiveCfg = Release|Any CPU
		{C4192CF8-D54B-4DA4-A02E-2C2246C4383A}.Release|Mixed Platforms.Build.0 = Release|Any CPU
		{C4192CF8-D54B-4DA4-A02E-2C2246C4383A}.Release|x86.ActiveCfg = Release|Any CPU
		{1A618831-697F-4C99-A0D5-AE6EF9BD1BED}.Debug|Any CPU.ActiveCfg = Debug|Any CPU
		{1A618831-697F-4C99-A0D5-AE6EF9BD1BED}.Debug|Any CPU.Build.0 = Debug|Any CPU
		{1A618831-697F-4C99-A0D5-AE6EF9BD1BED}.Debug|Mixed Platforms.ActiveCfg = Debug|Any CPU
		{1A618831-697F-4C99-A0D5-AE6EF9BD1BED}.Debug|Mixed Platforms.Build.0 = Debug|Any CPU
		{1A618831-697F-4C99-A0D5-AE6EF9BD1BED}.Debug|x86.ActiveCfg = Debug|Any CPU
		{1A618831-697F-4C99-A0D5-AE6EF9BD1BED}.Release|Any CPU.ActiveCfg = Release|Any CPU
		{1A618831-697F-4C99-A0D5-AE6EF9BD1BED}.Release|Any CPU.Build.0 = Release|Any CPU
		{1A618831-697F-4C99-A0D5-AE6EF9BD1BED}.Release|Mixed Platforms.ActiveCfg = Release|Any CPU
		{1A618831-697F-4C99-A0D5-AE6EF9BD1BED}.Release|Mixed Platforms.Build.0 = Release|Any CPU
		{1A618831-697F-4C99-A0D5-AE6EF9BD1BED}.Release|x86.ActiveCfg = Release|Any CPU
		{45C4C88E-C9BB-4742-BF1A-9C286DBA8366}.Debug|Any CPU.ActiveCfg = Debug|Any CPU
		{45C4C88E-C9BB-4742-BF1A-9C286DBA8366}.Debug|Any CPU.Build.0 = Debug|Any CPU
		{45C4C88E-C9BB-4742-BF1A-9C286DBA8366}.Debug|Mixed Platforms.ActiveCfg = Debug|Any CPU
		{45C4C88E-C9BB-4742-BF1A-9C286DBA8366}.Debug|Mixed Platforms.Build.0 = Debug|Any CPU
		{45C4C88E-C9BB-4742-BF1A-9C286DBA8366}.Debug|x86.ActiveCfg = Debug|Any CPU
		{45C4C88E-C9BB-4742-BF1A-9C286DBA8366}.Release|Any CPU.ActiveCfg = Release|Any CPU
		{45C4C88E-C9BB-4742-BF1A-9C286DBA8366}.Release|Any CPU.Build.0 = Release|Any CPU
		{45C4C88E-C9BB-4742-BF1A-9C286DBA8366}.Release|Mixed Platforms.ActiveCfg = Release|Any CPU
		{45C4C88E-C9BB-4742-BF1A-9C286DBA8366}.Release|Mixed Platforms.Build.0 = Release|Any CPU
		{45C4C88E-C9BB-4742-BF1A-9C286DBA8366}.Release|x86.ActiveCfg = Release|Any CPU
		{C53C2392-EC43-473D-AADB-19A0528E1C47}.Debug|Any CPU.ActiveCfg = Debug|Any CPU
		{C53C2392-EC43-473D-AADB-19A0528E1C47}.Debug|Any CPU.Build.0 = Debug|Any CPU
		{C53C2392-EC43-473D-AADB-19A0528E1C47}.Debug|Mixed Platforms.ActiveCfg = Debug|Any CPU
		{C53C2392-EC43-473D-AADB-19A0528E1C47}.Debug|Mixed Platforms.Build.0 = Debug|Any CPU
		{C53C2392-EC43-473D-AADB-19A0528E1C47}.Debug|x86.ActiveCfg = Debug|Any CPU
		{C53C2392-EC43-473D-AADB-19A0528E1C47}.Release|Any CPU.ActiveCfg = Release|Any CPU
		{C53C2392-EC43-473D-AADB-19A0528E1C47}.Release|Any CPU.Build.0 = Release|Any CPU
		{C53C2392-EC43-473D-AADB-19A0528E1C47}.Release|Mixed Platforms.ActiveCfg = Release|Any CPU
		{C53C2392-EC43-473D-AADB-19A0528E1C47}.Release|Mixed Platforms.Build.0 = Release|Any CPU
		{C53C2392-EC43-473D-AADB-19A0528E1C47}.Release|x86.ActiveCfg = Release|Any CPU
		{B506A020-8CC0-49B9-B18B-2CF9B3BA870F}.Debug|Any CPU.ActiveCfg = Debug|Any CPU
		{B506A020-8CC0-49B9-B18B-2CF9B3BA870F}.Debug|Any CPU.Build.0 = Debug|Any CPU
		{B506A020-8CC0-49B9-B18B-2CF9B3BA870F}.Debug|Mixed Platforms.ActiveCfg = Debug|Any CPU
		{B506A020-8CC0-49B9-B18B-2CF9B3BA870F}.Debug|Mixed Platforms.Build.0 = Debug|Any CPU
		{B506A020-8CC0-49B9-B18B-2CF9B3BA870F}.Debug|x86.ActiveCfg = Debug|Any CPU
		{B506A020-8CC0-49B9-B18B-2CF9B3BA870F}.Release|Any CPU.ActiveCfg = Release|Any CPU
		{B506A020-8CC0-49B9-B18B-2CF9B3BA870F}.Release|Any CPU.Build.0 = Release|Any CPU
		{B506A020-8CC0-49B9-B18B-2CF9B3BA870F}.Release|Mixed Platforms.ActiveCfg = Release|Any CPU
		{B506A020-8CC0-49B9-B18B-2CF9B3BA870F}.Release|Mixed Platforms.Build.0 = Release|Any CPU
		{B506A020-8CC0-49B9-B18B-2CF9B3BA870F}.Release|x86.ActiveCfg = Release|Any CPU
		{97C4D7A4-BDFA-4082-BEA4-55689355351F}.Debug|Any CPU.ActiveCfg = Debug|Any CPU
		{97C4D7A4-BDFA-4082-BEA4-55689355351F}.Debug|Any CPU.Build.0 = Debug|Any CPU
		{97C4D7A4-BDFA-4082-BEA4-55689355351F}.Debug|Mixed Platforms.ActiveCfg = Debug|Any CPU
		{97C4D7A4-BDFA-4082-BEA4-55689355351F}.Debug|Mixed Platforms.Build.0 = Debug|Any CPU
		{97C4D7A4-BDFA-4082-BEA4-55689355351F}.Debug|x86.ActiveCfg = Debug|Any CPU
		{97C4D7A4-BDFA-4082-BEA4-55689355351F}.Release|Any CPU.ActiveCfg = Release|Any CPU
		{97C4D7A4-BDFA-4082-BEA4-55689355351F}.Release|Any CPU.Build.0 = Release|Any CPU
		{97C4D7A4-BDFA-4082-BEA4-55689355351F}.Release|Mixed Platforms.ActiveCfg = Release|Any CPU
		{97C4D7A4-BDFA-4082-BEA4-55689355351F}.Release|Mixed Platforms.Build.0 = Release|Any CPU
		{97C4D7A4-BDFA-4082-BEA4-55689355351F}.Release|x86.ActiveCfg = Release|Any CPU
		{F1CEB464-C7D9-4676-BF9B-AF937A5AF86D}.Debug|Any CPU.ActiveCfg = Debug|Any CPU
		{F1CEB464-C7D9-4676-BF9B-AF937A5AF86D}.Debug|Any CPU.Build.0 = Debug|Any CPU
		{F1CEB464-C7D9-4676-BF9B-AF937A5AF86D}.Debug|Mixed Platforms.ActiveCfg = Debug|Any CPU
		{F1CEB464-C7D9-4676-BF9B-AF937A5AF86D}.Debug|Mixed Platforms.Build.0 = Debug|Any CPU
		{F1CEB464-C7D9-4676-BF9B-AF937A5AF86D}.Debug|x86.ActiveCfg = Debug|Any CPU
		{F1CEB464-C7D9-4676-BF9B-AF937A5AF86D}.Release|Any CPU.ActiveCfg = Release|Any CPU
		{F1CEB464-C7D9-4676-BF9B-AF937A5AF86D}.Release|Any CPU.Build.0 = Release|Any CPU
		{F1CEB464-C7D9-4676-BF9B-AF937A5AF86D}.Release|Mixed Platforms.ActiveCfg = Release|Any CPU
		{F1CEB464-C7D9-4676-BF9B-AF937A5AF86D}.Release|Mixed Platforms.Build.0 = Release|Any CPU
		{F1CEB464-C7D9-4676-BF9B-AF937A5AF86D}.Release|x86.ActiveCfg = Release|Any CPU
		{139FCDDE-37DE-42D8-B0AD-F342588C16EA}.Debug|Any CPU.ActiveCfg = Debug|Any CPU
		{139FCDDE-37DE-42D8-B0AD-F342588C16EA}.Debug|Any CPU.Build.0 = Debug|Any CPU
		{139FCDDE-37DE-42D8-B0AD-F342588C16EA}.Debug|Mixed Platforms.ActiveCfg = Debug|Any CPU
		{139FCDDE-37DE-42D8-B0AD-F342588C16EA}.Debug|Mixed Platforms.Build.0 = Debug|Any CPU
		{139FCDDE-37DE-42D8-B0AD-F342588C16EA}.Debug|x86.ActiveCfg = Debug|Any CPU
		{139FCDDE-37DE-42D8-B0AD-F342588C16EA}.Release|Any CPU.ActiveCfg = Release|Any CPU
		{139FCDDE-37DE-42D8-B0AD-F342588C16EA}.Release|Any CPU.Build.0 = Release|Any CPU
		{139FCDDE-37DE-42D8-B0AD-F342588C16EA}.Release|Mixed Platforms.ActiveCfg = Release|Any CPU
		{139FCDDE-37DE-42D8-B0AD-F342588C16EA}.Release|Mixed Platforms.Build.0 = Release|Any CPU
		{139FCDDE-37DE-42D8-B0AD-F342588C16EA}.Release|x86.ActiveCfg = Release|Any CPU
		{CB85BB8D-9F3E-4C51-9AEC-898A6884C31D}.Debug|Any CPU.ActiveCfg = Debug|Any CPU
		{CB85BB8D-9F3E-4C51-9AEC-898A6884C31D}.Debug|Any CPU.Build.0 = Debug|Any CPU
		{CB85BB8D-9F3E-4C51-9AEC-898A6884C31D}.Debug|Mixed Platforms.ActiveCfg = Debug|Any CPU
		{CB85BB8D-9F3E-4C51-9AEC-898A6884C31D}.Debug|Mixed Platforms.Build.0 = Debug|Any CPU
		{CB85BB8D-9F3E-4C51-9AEC-898A6884C31D}.Debug|x86.ActiveCfg = Debug|Any CPU
		{CB85BB8D-9F3E-4C51-9AEC-898A6884C31D}.Release|Any CPU.ActiveCfg = Release|Any CPU
		{CB85BB8D-9F3E-4C51-9AEC-898A6884C31D}.Release|Any CPU.Build.0 = Release|Any CPU
		{CB85BB8D-9F3E-4C51-9AEC-898A6884C31D}.Release|Mixed Platforms.ActiveCfg = Release|Any CPU
		{CB85BB8D-9F3E-4C51-9AEC-898A6884C31D}.Release|Mixed Platforms.Build.0 = Release|Any CPU
		{CB85BB8D-9F3E-4C51-9AEC-898A6884C31D}.Release|x86.ActiveCfg = Release|Any CPU
	EndGlobalSection
	GlobalSection(SolutionProperties) = preSolution
		HideSolutionNode = FALSE
	EndGlobalSection
	GlobalSection(NestedProjects) = preSolution
		{70BF6160-D9BA-40DC-8982-3BE574C30F17} = {6D55212D-BB54-4F14-9A23-3F1F26AB7847}
		{1A618831-697F-4C99-A0D5-AE6EF9BD1BED} = {6D55212D-BB54-4F14-9A23-3F1F26AB7847}
		{5104A584-D0E5-47B0-A2EC-8E575DE5F28B} = {649A02A7-5560-4003-AAF9-9F0789FD3B32}
		{2F0F4AB5-B615-4BD3-ADAE-638E4DE1EF1B} = {649A02A7-5560-4003-AAF9-9F0789FD3B32}
		{B506A020-8CC0-49B9-B18B-2CF9B3BA870F} = {649A02A7-5560-4003-AAF9-9F0789FD3B32}
		{97C4D7A4-BDFA-4082-BEA4-55689355351F} = {649A02A7-5560-4003-AAF9-9F0789FD3B32}
		{53DBEBBC-6D54-492D-9264-AE0FD256598D} = {649A02A7-5560-4003-AAF9-9F0789FD3B32}
		{58D484FA-CE7F-4DDC-9F78-FD3DF849FAB4} = {649A02A7-5560-4003-AAF9-9F0789FD3B32}
		{007D45EB-8E80-4060-8A64-61EC305D6F77} = {649A02A7-5560-4003-AAF9-9F0789FD3B32}
		{C53C2392-EC43-473D-AADB-19A0528E1C47} = {F6848AC2-52AC-4AE6-A428-55C0BEDE53D3}
		{C4192CF8-D54B-4DA4-A02E-2C2246C4383A} = {F6848AC2-52AC-4AE6-A428-55C0BEDE53D3}
		{139FCDDE-37DE-42D8-B0AD-F342588C16EA} = {F6848AC2-52AC-4AE6-A428-55C0BEDE53D3}
		{45C4C88E-C9BB-4742-BF1A-9C286DBA8366} = {F6848AC2-52AC-4AE6-A428-55C0BEDE53D3}
		{CB85BB8D-9F3E-4C51-9AEC-898A6884C31D} = {F6848AC2-52AC-4AE6-A428-55C0BEDE53D3}
		{F1CEB464-C7D9-4676-BF9B-AF937A5AF86D} = {16918F99-DCAB-4B10-86EA-828D62C1F579}
		{70D49911-0FB7-4292-9954-8D9AAA5B848F} = {16918F99-DCAB-4B10-86EA-828D62C1F579}
		{1EF8A5C2-1642-4341-8273-B47951AEDDC3} = {A2584324-0512-415F-953F-DEA370722E7F}
		{07A6256D-EF69-46DB-ABEB-DA8456F0E678} = {658C167D-7384-42CD-A5E3-01F63B743CAC}
		{FFDDFAF8-F5CA-44F6-A7ED-4183DD12B96A} = {658C167D-7384-42CD-A5E3-01F63B743CAC}
	EndGlobalSection
	GlobalSection(ExtensibilityGlobals) = postSolution
		EnterpriseLibraryConfigurationToolBinariesPath = packages\Unity.2.1.505.2\lib\NET35;packages\Unity.Interception.2.1.505.2\lib\NET35
	EndGlobalSection
EndGlobal
